
Microsoft Visual Studio Solution File, Format Version 12.00
# Visual Studio Version 17
VisualStudioVersion = 17.14.36705.20
MinimumVisualStudioVersion = 10.0.40219.1
Project("{FAE04EC0-301F-11D3-BF4B-00C04F79EFBC}") = "1.1", "1.1\1.1.csproj", "{7EA131A8-36F8-499A-82E3-9ADB87DBD585}"
EndProject
Project("{FAE04EC0-301F-11D3-BF4B-00C04F79EFBC}") = "bleach", "bleach\bleach.csproj", "{58C09C19-FA6F-4751-AABB-468F5D7EC8FE}"
EndProject
Global
	GlobalSection(SolutionConfigurationPlatforms) = preSolution
		Debug|Any CPU = Debug|Any CPU
		Release|Any CPU = Release|Any CPU
	EndGlobalSection
	GlobalSection(ProjectConfigurationPlatforms) = postSolution
		{7EA131A8-36F8-499A-82E3-9ADB87DBD585}.Debug|Any CPU.ActiveCfg = Debug|Any CPU
		{7EA131A8-36F8-499A-82E3-9ADB87DBD585}.Debug|Any CPU.Build.0 = Debug|Any CPU
		{7EA131A8-36F8-499A-82E3-9ADB87DBD585}.Release|Any CPU.ActiveCfg = Release|Any CPU
		{7EA131A8-36F8-499A-82E3-9ADB87DBD585}.Release|Any CPU.Build.0 = Release|Any CPU
		{58C09C19-FA6F-4751-AABB-468F5D7EC8FE}.Debug|Any CPU.ActiveCfg = Debug|Any CPU
		{58C09C19-FA6F-4751-AABB-468F5D7EC8FE}.Debug|Any CPU.Build.0 = Debug|Any CPU
		{58C09C19-FA6F-4751-AABB-468F5D7EC8FE}.Release|Any CPU.ActiveCfg = Release|Any CPU
		{58C09C19-FA6F-4751-AABB-468F5D7EC8FE}.Release|Any CPU.Build.0 = Release|Any CPU
	EndGlobalSection
	GlobalSection(SolutionProperties) = preSolution
		HideSolutionNode = FALSE
	EndGlobalSection
	GlobalSection(ExtensibilityGlobals) = postSolution
		SolutionGuid = {42A3ED33-6FED-4260-95FA-E90A87872945}
	EndGlobalSection
EndGlobal
